
Microsoft Visual Studio Solution File, Format Version 11.00
# Visual C++ Express 2010
Project("{8BC9CEB8-8B4A-11D0-8D11-00A0C91BC942}") = "stlbench", "src\stlbench.vcxproj", "{5BFE539A-03E0-49FA-B640-3F951BB12AC2}"
EndProject
Project("{8BC9CEB8-8B4A-11D0-8D11-00A0C91BC942}") = "stlencode", "src\stlencode.vcxproj", "{28103B64-B62F-42C8-9214-EE1CFDF5EE2D}"
EndProject
Project("{8BC9CEB8-8B4A-11D0-8D11-00A0C91BC942}") = "stldecode", "src\stldecode.vcxproj", "{CE1852ED-4BD5-4F7B-8241-7FBADAD9DA7B}"
EndProject
Project("{8BC9CEB8-8B4A-11D0-8D11-00A0C91BC942}") = "test_base16", "tests\test_base16.vcxproj", "{E4BED990-E303-4096-8DF7-7658C31E647E}"
EndProject
Project("{8BC9CEB8-8B4A-11D0-8D11-00A0C91BC942}") = "test_base32", "tests\test_base32.vcxproj", "{3C2873A2-E45C-41B7-8830-62E71704E1B6}"
EndProject
Project("{8BC9CEB8-8B4A-11D0-8D11-00A0C91BC942}") = "test_base64", "tests\test_base64.vcxproj", "{4B7923CA-E00C-42CE-95B1-BA34AD65B995}"
EndProject
Project("{8BC9CEB8-8B4A-11D0-8D11-00A0C91BC942}") = "test_lookup", "tests\test_lookup.vcxproj", "{6936BA54-FD57-4C11-97FC-70E2DC5EDE60}"
EndProject
Project("{8BC9CEB8-8B4A-11D0-8D11-00A0C91BC942}") = "test_traits", "tests\test_traits.vcxproj", "{B71D321E-DC22-4A28-B1FF-4BF6EB432AF6}"
EndProject
Global
	GlobalSection(SolutionConfigurationPlatforms) = preSolution
		Debug|Win32 = Debug|Win32
		Release|Win32 = Release|Win32
	EndGlobalSection
	GlobalSection(ProjectConfigurationPlatforms) = postSolution
		{E4BED990-E303-4096-8DF7-7658C31E647E}.Debug|Win32.ActiveCfg = Debug|Win32
		{E4BED990-E303-4096-8DF7-7658C31E647E}.Debug|Win32.Build.0 = Debug|Win32
		{E4BED990-E303-4096-8DF7-7658C31E647E}.Release|Win32.ActiveCfg = Release|Win32
		{E4BED990-E303-4096-8DF7-7658C31E647E}.Release|Win32.Build.0 = Release|Win32
		{3C2873A2-E45C-41B7-8830-62E71704E1B6}.Debug|Win32.ActiveCfg = Debug|Win32
		{3C2873A2-E45C-41B7-8830-62E71704E1B6}.Debug|Win32.Build.0 = Debug|Win32
		{3C2873A2-E45C-41B7-8830-62E71704E1B6}.Release|Win32.ActiveCfg = Release|Win32
		{3C2873A2-E45C-41B7-8830-62E71704E1B6}.Release|Win32.Build.0 = Release|Win32
		{4B7923CA-E00C-42CE-95B1-BA34AD65B995}.Debug|Win32.ActiveCfg = Debug|Win32
		{4B7923CA-E00C-42CE-95B1-BA34AD65B995}.Debug|Win32.Build.0 = Debug|Win32
		{4B7923CA-E00C-42CE-95B1-BA34AD65B995}.Release|Win32.ActiveCfg = Release|Win32
		{4B7923CA-E00C-42CE-95B1-BA34AD65B995}.Release|Win32.Build.0 = Release|Win32
		{28103B64-B62F-42C8-9214-EE1CFDF5EE2D}.Debug|Win32.ActiveCfg = Debug|Win32
		{28103B64-B62F-42C8-9214-EE1CFDF5EE2D}.Debug|Win32.Build.0 = Debug|Win32
		{28103B64-B62F-42C8-9214-EE1CFDF5EE2D}.Release|Win32.ActiveCfg = Release|Win32
		{28103B64-B62F-42C8-9214-EE1CFDF5EE2D}.Release|Win32.Build.0 = Release|Win32
		{CE1852ED-4BD5-4F7B-8241-7FBADAD9DA7B}.Debug|Win32.ActiveCfg = Debug|Win32
		{CE1852ED-4BD5-4F7B-8241-7FBADAD9DA7B}.Debug|Win32.Build.0 = Debug|Win32
		{CE1852ED-4BD5-4F7B-8241-7FBADAD9DA7B}.Release|Win32.ActiveCfg = Release|Win32
		{CE1852ED-4BD5-4F7B-8241-7FBADAD9DA7B}.Release|Win32.Build.0 = Release|Win32
		{5BFE539A-03E0-49FA-B640-3F951BB12AC2}.Debug|Win32.ActiveCfg = Debug|Win32
		{5BFE539A-03E0-49FA-B640-3F951BB12AC2}.Debug|Win32.Build.0 = Debug|Win32
		{5BFE539A-03E0-49FA-B640-3F951BB12AC2}.Release|Win32.ActiveCfg = Release|Win32
		{5BFE539A-03E0-49FA-B640-3F951BB12AC2}.Release|Win32.Build.0 = Release|Win32
		{6936BA54-FD57-4C11-97FC-70E2DC5EDE60}.Debug|Win32.ActiveCfg = Debug|Win32
		{6936BA54-FD57-4C11-97FC-70E2DC5EDE60}.Debug|Win32.Build.0 = Debug|Win32
		{6936BA54-FD57-4C11-97FC-70E2DC5EDE60}.Release|Win32.ActiveCfg = Release|Win32
		{6936BA54-FD57-4C11-97FC-70E2DC5EDE60}.Release|Win32.Build.0 = Release|Win32
		{B71D321E-DC22-4A28-B1FF-4BF6EB432AF6}.Debug|Win32.ActiveCfg = Debug|Win32
		{B71D321E-DC22-4A28-B1FF-4BF6EB432AF6}.Debug|Win32.Build.0 = Debug|Win32
		{B71D321E-DC22-4A28-B1FF-4BF6EB432AF6}.Release|Win32.ActiveCfg = Release|Win32
		{B71D321E-DC22-4A28-B1FF-4BF6EB432AF6}.Release|Win32.Build.0 = Release|Win32
	EndGlobalSection
	GlobalSection(SolutionProperties) = preSolution
		HideSolutionNode = FALSE
	EndGlobalSection
EndGlobal
